// !$*UTF8*$!
{
	archiveVersion = 1;
	classes = {
	};
	objectVersion = 46;
	objects = {

/* Begin PBXBuildFile section */
		7A6EEA2C19E887430044D5A7 /* Foundation.framework in Frameworks */ = {isa = PBXBuildFile; fileRef = 7A6EEA2B19E887430044D5A7 /* Foundation.framework */; };
		7A6EEA2E19E887430044D5A7 /* CoreGraphics.framework in Frameworks */ = {isa = PBXBuildFile; fileRef = 7A6EEA2D19E887430044D5A7 /* CoreGraphics.framework */; };
		7A6EEA3019E887430044D5A7 /* UIKit.framework in Frameworks */ = {isa = PBXBuildFile; fileRef = 7A6EEA2F19E887430044D5A7 /* UIKit.framework */; };
		7A6EEA3619E887430044D5A7 /* InfoPlist.strings in Resources */ = {isa = PBXBuildFile; fileRef = 7A6EEA3419E887430044D5A7 /* InfoPlist.strings */; };
		7A6EEA3819E887430044D5A7 /* main.m in Sources */ = {isa = PBXBuildFile; fileRef = 7A6EEA3719E887430044D5A7 /* main.m */; };
		7A6EEA3C19E887430044D5A7 /* BGDBMAppDelegate.m in Sources */ = {isa = PBXBuildFile; fileRef = 7A6EEA3B19E887430044D5A7 /* BGDBMAppDelegate.m */; };
		7A6EEA3E19E887430044D5A7 /* Images.xcassets in Resources */ = {isa = PBXBuildFile; fileRef = 7A6EEA3D19E887430044D5A7 /* Images.xcassets */; };
		7A6EEA4519E887430044D5A7 /* XCTest.framework in Frameworks */ = {isa = PBXBuildFile; fileRef = 7A6EEA4419E887430044D5A7 /* XCTest.framework */; };
		7A6EEA4619E887430044D5A7 /* Foundation.framework in Frameworks */ = {isa = PBXBuildFile; fileRef = 7A6EEA2B19E887430044D5A7 /* Foundation.framework */; };
		7A6EEA4719E887430044D5A7 /* UIKit.framework in Frameworks */ = {isa = PBXBuildFile; fileRef = 7A6EEA2F19E887430044D5A7 /* UIKit.framework */; };
		7A6EEA4F19E887430044D5A7 /* InfoPlist.strings in Resources */ = {isa = PBXBuildFile; fileRef = 7A6EEA4D19E887430044D5A7 /* InfoPlist.strings */; };
		7A6EEA5119E887430044D5A7 /* BGDouBanMusicTests.m in Sources */ = {isa = PBXBuildFile; fileRef = 7A6EEA5019E887430044D5A7 /* BGDouBanMusicTests.m */; };
/* End PBXBuildFile section */

/* Begin PBXContainerItemProxy section */
		7A6EEA4819E887430044D5A7 /* PBXContainerItemProxy */ = {
			isa = PBXContainerItemProxy;
			containerPortal = 7A6EEA2019E887430044D5A7 /* Project object */;
			proxyType = 1;
			remoteGlobalIDString = 7A6EEA2719E887430044D5A7;
			remoteInfo = BGDouBanMusic;
		};
/* End PBXContainerItemProxy section */

/* Begin PBXFileReference section */
		7A6EEA2819E887430044D5A7 /* BGDouBanMusic.app */ = {isa = PBXFileReference; explicitFileType = wrapper.application; includeInIndex = 0; path = BGDouBanMusic.app; sourceTree = BUILT_PRODUCTS_DIR; };
		7A6EEA2B19E887430044D5A7 /* Foundation.framework */ = {isa = PBXFileReference; lastKnownFileType = wrapper.framework; name = Foundation.framework; path = System/Library/Frameworks/Foundation.framework; sourceTree = SDKROOT; };
		7A6EEA2D19E887430044D5A7 /* CoreGraphics.framework */ = {isa = PBXFileReference; lastKnownFileType = wrapper.framework; name = CoreGraphics.framework; path = System/Library/Frameworks/CoreGraphics.framework; sourceTree = SDKROOT; };
		7A6EEA2F19E887430044D5A7 /* UIKit.framework */ = {isa = PBXFileReference; lastKnownFileType = wrapper.framework; name = UIKit.framework; path = System/Library/Frameworks/UIKit.framework; sourceTree = SDKROOT; };
		7A6EEA3319E887430044D5A7 /* BGDouBanMusic-Info.plist */ = {isa = PBXFileReference; lastKnownFileType = text.plist.xml; path = "BGDouBanMusic-Info.plist"; sourceTree = "<group>"; };
		7A6EEA3519E887430044D5A7 /* en */ = {isa = PBXFileReference; lastKnownFileType = text.plist.strings; name = en; path = en.lproj/InfoPlist.strings; sourceTree = "<group>"; };
		7A6EEA3719E887430044D5A7 /* main.m */ = {isa = PBXFileReference; lastKnownFileType = sourcecode.c.objc; path = main.m; sourceTree = "<group>"; };
		7A6EEA3919E887430044D5A7 /* BGDouBanMusic-Prefix.pch */ = {isa = PBXFileReference; lastKnownFileType = sourcecode.c.h; path = "BGDouBanMusic-Prefix.pch"; sourceTree = "<group>"; };
		7A6EEA3A19E887430044D5A7 /* BGDBMAppDelegate.h */ = {isa = PBXFileReference; lastKnownFileType = sourcecode.c.h; path = BGDBMAppDelegate.h; sourceTree = "<group>"; };
		7A6EEA3B19E887430044D5A7 /* BGDBMAppDelegate.m */ = {isa = PBXFileReference; lastKnownFileType = sourcecode.c.objc; path = BGDBMAppDelegate.m; sourceTree = "<group>"; };
		7A6EEA3D19E887430044D5A7 /* Images.xcassets */ = {isa = PBXFileReference; lastKnownFileType = folder.assetcatalog; path = Images.xcassets; sourceTree = "<group>"; };
		7A6EEA4319E887430044D5A7 /* BGDouBanMusicTests.xctest */ = {isa = PBXFileReference; explicitFileType = wrapper.cfbundle; includeInIndex = 0; path = BGDouBanMusicTests.xctest; sourceTree = BUILT_PRODUCTS_DIR; };
		7A6EEA4419E887430044D5A7 /* XCTest.framework */ = {isa = PBXFileReference; lastKnownFileType = wrapper.framework; name = XCTest.framework; path = Library/Frameworks/XCTest.framework; sourceTree = DEVELOPER_DIR; };
		7A6EEA4C19E887430044D5A7 /* BGDouBanMusicTests-Info.plist */ = {isa = PBXFileReference; lastKnownFileType = text.plist.xml; path = "BGDouBanMusicTests-Info.plist"; sourceTree = "<group>"; };
		7A6EEA4E19E887430044D5A7 /* en */ = {isa = PBXFileReference; lastKnownFileType = text.plist.strings; name = en; path = en.lproj/InfoPlist.strings; sourceTree = "<group>"; };
		7A6EEA5019E887430044D5A7 /* BGDouBanMusicTests.m */ = {isa = PBXFileReference; lastKnownFileType = sourcecode.c.objc; path = BGDouBanMusicTests.m; sourceTree = "<group>"; };
/* End PBXFileReference section */

/* Begin PBXFrameworksBuildPhase section */
		7A6EEA2519E887430044D5A7 /* Frameworks */ = {
			isa = PBXFrameworksBuildPhase;
			buildActionMask = 2147483647;
			files = (
				7A6EEA2E19E887430044D5A7 /* CoreGraphics.framework in Frameworks */,
				7A6EEA3019E887430044D5A7 /* UIKit.framework in Frameworks */,
				7A6EEA2C19E887430044D5A7 /* Foundation.framework in Frameworks */,
			);
			runOnlyForDeploymentPostprocessing = 0;
		};
		7A6EEA4019E887430044D5A7 /* Frameworks */ = {
			isa = PBXFrameworksBuildPhase;
			buildActionMask = 2147483647;
			files = (
				7A6EEA4519E887430044D5A7 /* XCTest.framework in Frameworks */,
				7A6EEA4719E887430044D5A7 /* UIKit.framework in Frameworks */,
				7A6EEA4619E887430044D5A7 /* Foundation.framework in Frameworks */,
			);
			runOnlyForDeploymentPostprocessing = 0;
		};
/* End PBXFrameworksBuildPhase section */

/* Begin PBXGroup section */
		7A6EEA1F19E887430044D5A7 = {
			isa = PBXGroup;
			children = (
				7A6EEA3119E887430044D5A7 /* BGDouBanMusic */,
				7A6EEA4A19E887430044D5A7 /* BGDouBanMusicTests */,
				7A6EEA2A19E887430044D5A7 /* Frameworks */,
				7A6EEA2919E887430044D5A7 /* Products */,
			);
			sourceTree = "<group>";
		};
		7A6EEA2919E887430044D5A7 /* Products */ = {
			isa = PBXGroup;
			children = (
				7A6EEA2819E887430044D5A7 /* BGDouBanMusic.app */,
				7A6EEA4319E887430044D5A7 /* BGDouBanMusicTests.xctest */,
			);
			name = Products;
			sourceTree = "<group>";
		};
		7A6EEA2A19E887430044D5A7 /* Frameworks */ = {
			isa = PBXGroup;
			children = (
				7A6EEA2B19E887430044D5A7 /* Foundation.framework */,
				7A6EEA2D19E887430044D5A7 /* CoreGraphics.framework */,
				7A6EEA2F19E887430044D5A7 /* UIKit.framework */,
				7A6EEA4419E887430044D5A7 /* XCTest.framework */,
			);
			name = Frameworks;
			sourceTree = "<group>";
		};
		7A6EEA3119E887430044D5A7 /* BGDouBanMusic */ = {
			isa = PBXGroup;
			children = (
				7A6EEA3A19E887430044D5A7 /* BGDBMAppDelegate.h */,
				7A6EEA3B19E887430044D5A7 /* BGDBMAppDelegate.m */,
				7A6EEA3D19E887430044D5A7 /* Images.xcassets */,
				7A6EEA3219E887430044D5A7 /* Supporting Files */,
			);
			path = BGDouBanMusic;
			sourceTree = "<group>";
		};
		7A6EEA3219E887430044D5A7 /* Supporting Files */ = {
			isa = PBXGroup;
			children = (
				7A6EEA3319E887430044D5A7 /* BGDouBanMusic-Info.plist */,
				7A6EEA3419E887430044D5A7 /* InfoPlist.strings */,
				7A6EEA3719E887430044D5A7 /* main.m */,
				7A6EEA3919E887430044D5A7 /* BGDouBanMusic-Prefix.pch */,
			);
			name = "Supporting Files";
			sourceTree = "<group>";
		};
		7A6EEA4A19E887430044D5A7 /* BGDouBanMusicTests */ = {
			isa = PBXGroup;
			children = (
				7A6EEA5019E887430044D5A7 /* BGDouBanMusicTests.m */,
				7A6EEA4B19E887430044D5A7 /* Supporting Files */,
			);
			path = BGDouBanMusicTests;
			sourceTree = "<group>";
		};
		7A6EEA4B19E887430044D5A7 /* Supporting Files */ = {
			isa = PBXGroup;
			children = (
				7A6EEA4C19E887430044D5A7 /* BGDouBanMusicTests-Info.plist */,
				7A6EEA4D19E887430044D5A7 /* InfoPlist.strings */,
			);
			name = "Supporting Files";
			sourceTree = "<group>";
		};
/* End PBXGroup section */

/* Begin PBXNativeTarget section */
		7A6EEA2719E887430044D5A7 /* BGDouBanMusic */ = {
			isa = PBXNativeTarget;
			buildConfigurationList = 7A6EEA5419E887430044D5A7 /* Build configuration list for PBXNativeTarget "BGDouBanMusic" */;
			buildPhases = (
				7A6EEA2419E887430044D5A7 /* Sources */,
				7A6EEA2519E887430044D5A7 /* Frameworks */,
				7A6EEA2619E887430044D5A7 /* Resources */,
			);
			buildRules = (
			);
			dependencies = (
			);
			name = BGDouBanMusic;
			productName = BGDouBanMusic;
			productReference = 7A6EEA2819E887430044D5A7 /* BGDouBanMusic.app */;
			productType = "com.apple.product-type.application";
		};
		7A6EEA4219E887430044D5A7 /* BGDouBanMusicTests */ = {
			isa = PBXNativeTarget;
			buildConfigurationList = 7A6EEA5719E887430044D5A7 /* Build configuration list for PBXNativeTarget "BGDouBanMusicTests" */;
			buildPhases = (
				7A6EEA3F19E887430044D5A7 /* Sources */,
				7A6EEA4019E887430044D5A7 /* Frameworks */,
				7A6EEA4119E887430044D5A7 /* Resources */,
			);
			buildRules = (
			);
			dependencies = (
				7A6EEA4919E887430044D5A7 /* PBXTargetDependency */,
			);
			name = BGDouBanMusicTests;
			productName = BGDouBanMusicTests;
			productReference = 7A6EEA4319E887430044D5A7 /* BGDouBanMusicTests.xctest */;
			productType = "com.apple.product-type.bundle.unit-test";
		};
/* End PBXNativeTarget section */

/* Begin PBXProject section */
		7A6EEA2019E887430044D5A7 /* Project object */ = {
			isa = PBXProject;
			attributes = {
				CLASSPREFIX = BGDBM;
				LastUpgradeCheck = 0510;
				ORGANIZATIONNAME = Libinggen;
				TargetAttributes = {
					7A6EEA4219E887430044D5A7 = {
						TestTargetID = 7A6EEA2719E887430044D5A7;
					};
				};
			};
			buildConfigurationList = 7A6EEA2319E887430044D5A7 /* Build configuration list for PBXProject "BGDouBanMusic" */;
			compatibilityVersion = "Xcode 3.2";
			developmentRegion = English;
			hasScannedForEncodings = 0;
			knownRegions = (
				en,
			);
			mainGroup = 7A6EEA1F19E887430044D5A7;
			productRefGroup = 7A6EEA2919E887430044D5A7 /* Products */;
			projectDirPath = "";
			projectRoot = "";
			targets = (
				7A6EEA2719E887430044D5A7 /* BGDouBanMusic */,
				7A6EEA4219E887430044D5A7 /* BGDouBanMusicTests */,
			);
		};
/* End PBXProject section */

/* Begin PBXResourcesBuildPhase section */
		7A6EEA2619E887430044D5A7 /* Resources */ = {
			isa = PBXResourcesBuildPhase;
			buildActionMask = 2147483647;
			files = (
				7A6EEA3619E887430044D5A7 /* InfoPlist.strings in Resources */,
				7A6EEA3E19E887430044D5A7 /* Images.xcassets in Resources */,
			);
			runOnlyForDeploymentPostprocessing = 0;
		};
		7A6EEA4119E887430044D5A7 /* Resources */ = {
			isa = PBXResourcesBuildPhase;
			buildActionMask = 2147483647;
			files = (
				7A6EEA4F19E887430044D5A7 /* InfoPlist.strings in Resources */,
			);
			runOnlyForDeploymentPostprocessing = 0;
		};
/* End PBXResourcesBuildPhase section */

/* Begin PBXSourcesBuildPhase section */
		7A6EEA2419E887430044D5A7 /* Sources */ = {
			isa = PBXSourcesBuildPhase;
			buildActionMask = 2147483647;
			files = (
				7A6EEA3819E887430044D5A7 /* main.m in Sources */,
				7A6EEA3C19E887430044D5A7 /* BGDBMAppDelegate.m in Sources */,
			);
			runOnlyForDeploymentPostprocessing = 0;
		};
		7A6EEA3F19E887430044D5A7 /* Sources */ = {
			isa = PBXSourcesBuildPhase;
			buildActionMask = 2147483647;
			files = (
				7A6EEA5119E887430044D5A7 /* BGDouBanMusicTests.m in Sources */,
			);
			runOnlyForDeploymentPostprocessing = 0;
		};
/* End PBXSourcesBuildPhase section */

/* Begin PBXTargetDependency section */
		7A6EEA4919E887430044D5A7 /* PBXTargetDependency */ = {
			isa = PBXTargetDependency;
			target = 7A6EEA2719E887430044D5A7 /* BGDouBanMusic */;
			targetProxy = 7A6EEA4819E887430044D5A7 /* PBXContainerItemProxy */;
		};
/* End PBXTargetDependency section */

/* Begin PBXVariantGroup section */
		7A6EEA3419E887430044D5A7 /* InfoPlist.strings */ = {
			isa = PBXVariantGroup;
			children = (
				7A6EEA3519E887430044D5A7 /* en */,
			);
			name = InfoPlist.strings;
			sourceTree = "<group>";
		};
		7A6EEA4D19E887430044D5A7 /* InfoPlist.strings */ = {
			isa = PBXVariantGroup;
			children = (
				7A6EEA4E19E887430044D5A7 /* en */,
			);
			name = InfoPlist.strings;
			sourceTree = "<group>";
		};
/* End PBXVariantGroup section */

/* Begin XCBuildConfiguration section */
		7A6EEA5219E887430044D5A7 /* Debug */ = {
			isa = XCBuildConfiguration;
			buildSettings = {
				ALWAYS_SEARCH_USER_PATHS = NO;
				CLANG_CXX_LANGUAGE_STANDARD = "gnu++0x";
				CLANG_CXX_LIBRARY = "libc++";
				CLANG_ENABLE_MODULES = YES;
				CLANG_ENABLE_OBJC_ARC = YES;
				CLANG_WARN_BOOL_CONVERSION = YES;
				CLANG_WARN_CONSTANT_CONVERSION = YES;
				CLANG_WARN_DIRECT_OBJC_ISA_USAGE = YES_ERROR;
				CLANG_WARN_EMPTY_BODY = YES;
				CLANG_WARN_ENUM_CONVERSION = YES;
				CLANG_WARN_INT_CONVERSION = YES;
				CLANG_WARN_OBJC_ROOT_CLASS = YES_ERROR;
				CLANG_WARN__DUPLICATE_METHOD_MATCH = YES;
				"CODE_SIGN_IDENTITY[sdk=iphoneos*]" = "iPhone Developer";
				COPY_PHASE_STRIP = NO;
				GCC_C_LANGUAGE_STANDARD = gnu99;
				GCC_DYNAMIC_NO_PIC = NO;
				GCC_OPTIMIZATION_LEVEL = 0;
				GCC_PREPROCESSOR_DEFINITIONS = (
					"DEBUG=1",
					"$(inherited)",
				);
				GCC_SYMBOLS_PRIVATE_EXTERN = NO;
				GCC_WARN_64_TO_32_BIT_CONVERSION = YES;
				GCC_WARN_ABOUT_RETURN_TYPE = YES_ERROR;
				GCC_WARN_UNDECLARED_SELECTOR = YES;
				GCC_WARN_UNINITIALIZED_AUTOS = YES_AGGRESSIVE;
				GCC_WARN_UNUSED_FUNCTION = YES;
				GCC_WARN_UNUSED_VARIABLE = YES;
				IPHONEOS_DEPLOYMENT_TARGET = 7.1;
				ONLY_ACTIVE_ARCH = YES;
				SDKROOT = iphoneos;
			};
			name = Debug;
		};
		7A6EEA5319E887430044D5A7 /* Release */ = {
			isa = XCBuildConfiguration;
			buildSettings = {
				ALWAYS_SEARCH_USER_PATHS = NO;
				CLANG_CXX_LANGUAGE_STANDARD = "gnu++0x";
				CLANG_CXX_LIBRARY = "libc++";
				CLANG_ENABLE_MODULES = YES;
				CLANG_ENABLE_OBJC_ARC = YES;
				CLANG_WARN_BOOL_CONVERSION = YES;
				CLANG_WARN_CONSTANT_CONVERSION = YES;
				CLANG_WARN_DIRECT_OBJC_ISA_USAGE = YES_ERROR;
				CLANG_WARN_EMPTY_BODY = YES;
				CLANG_WARN_ENUM_CONVERSION = YES;
				CLANG_WARN_INT_CONVERSION = YES;
				CLANG_WARN_OBJC_ROOT_CLASS = YES_ERROR;
				CLANG_WARN__DUPLICATE_METHOD_MATCH = YES;
				"CODE_SIGN_IDENTITY[sdk=iphoneos*]" = "iPhone Developer";
				COPY_PHASE_STRIP = YES;
				ENABLE_NS_ASSERTIONS = NO;
				GCC_C_LANGUAGE_STANDARD = gnu99;
				GCC_WARN_64_TO_32_BIT_CONVERSION = YES;
				GCC_WARN_ABOUT_RETURN_TYPE = YES_ERROR;
				GCC_WARN_UNDECLARED_SELECTOR = YES;
				GCC_WARN_UNINITIALIZED_AUTOS = YES_AGGRESSIVE;
				GCC_WARN_UNUSED_FUNCTION = YES;
				GCC_WARN_UNUSED_VARIABLE = YES;
				IPHONEOS_DEPLOYMENT_TARGET = 7.1;
				SDKROOT = iphoneos;
				VALIDATE_PRODUCT = YES;
			};
			name = Release;
		};
		7A6EEA5519E887430044D5A7 /* Debug */ = {
			isa = XCBuildConfiguration;
			buildSettings = {
				ASSETCATALOG_COMPILER_APPICON_NAME = AppIcon;
				ASSETCATALOG_COMPILER_LAUNCHIMAGE_NAME = LaunchImage;
				GCC_PRECOMPILE_PREFIX_HEADER = YES;
				GCC_PREFIX_HEADER = "BGDouBanMusic/BGDouBanMusic-Prefix.pch";
				INFOPLIST_FILE = "BGDouBanMusic/BGDouBanMusic-Info.plist";
				PRODUCT_NAME = "$(TARGET_NAME)";
				WRAPPER_EXTENSION = app;
			};
			name = Debug;
		};
		7A6EEA5619E887430044D5A7 /* Release */ = {
			isa = XCBuildConfiguration;
			buildSettings = {
				ASSETCATALOG_COMPILER_APPICON_NAME = AppIcon;
				ASSETCATALOG_COMPILER_LAUNCHIMAGE_NAME = LaunchImage;
				GCC_PRECOMPILE_PREFIX_HEADER = YES;
				GCC_PREFIX_HEADER = "BGDouBanMusic/BGDouBanMusic-Prefix.pch";
				INFOPLIST_FILE = "BGDouBanMusic/BGDouBanMusic-Info.plist";
				PRODUCT_NAME = "$(TARGET_NAME)";
				WRAPPER_EXTENSION = app;
			};
			name = Release;
		};
		7A6EEA5819E887430044D5A7 /* Debug */ = {
			isa = XCBuildConfiguration;
			buildSettings = {
				BUNDLE_LOADER = "$(BUILT_PRODUCTS_DIR)/BGDouBanMusic.app/BGDouBanMusic";
				FRAMEWORK_SEARCH_PATHS = (
					"$(SDKROOT)/Developer/Library/Frameworks",
					"$(inherited)",
					"$(DEVELOPER_FRAMEWORKS_DIR)",
				);
				GCC_PRECOMPILE_PREFIX_HEADER = YES;
				GCC_PREFIX_HEADER = "BGDouBanMusic/BGDouBanMusic-Prefix.pch";
				GCC_PREPROCESSOR_DEFINITIONS = (
					"DEBUG=1",
					"$(inherited)",
				);
				INFOPLIST_FILE = "BGDouBanMusicTests/BGDouBanMusicTests-Info.plist";
				PRODUCT_NAME = "$(TARGET_NAME)";
				TEST_HOST = "$(BUNDLE_LOADER)";
				WRAPPER_EXTENSION = xctest;
			};
			name = Debug;
		};
		7A6EEA5919E887430044D5A7 /* Release */ = {
			isa = XCBuildConfiguration;
			buildSettings = {
				BUNDLE_LOADER = "$(BUILT_PRODUCTS_DIR)/BGDouBanMusic.app/BGDouBanMusic";
				FRAMEWORK_SEARCH_PATHS = (
					"$(SDKROOT)/Developer/Library/Frameworks",
					"$(inherited)",
					"$(DEVELOPER_FRAMEWORKS_DIR)",
				);
				GCC_PRECOMPILE_PREFIX_HEADER = YES;
				GCC_PREFIX_HEADER = "BGDouBanMusic/BGDouBanMusic-Prefix.pch";
				INFOPLIST_FILE = "BGDouBanMusicTests/BGDouBanMusicTests-Info.plist";
				PRODUCT_NAME = "$(TARGET_NAME)";
				TEST_HOST = "$(BUNDLE_LOADER)";
				WRAPPER_EXTENSION = xctest;
			};
			name = Release;
		};
/* End XCBuildConfiguration section */

/* Begin XCConfigurationList section */
		7A6EEA2319E887430044D5A7 /* Build configuration list for PBXProject "BGDouBanMusic" */ = {
			isa = XCConfigurationList;
			buildConfigurations = (
				7A6EEA5219E887430044D5A7 /* Debug */,
				7A6EEA5319E887430044D5A7 /* Release */,
			);
			defaultConfigurationIsVisible = 0;
			defaultConfigurationName = Release;
		};
		7A6EEA5419E887430044D5A7 /* Build configuration list for PBXNativeTarget "BGDouBanMusic" */ = {
			isa = XCConfigurationList;
			buildConfigurations = (
				7A6EEA5519E887430044D5A7 /* Debug */,
				7A6EEA5619E887430044D5A7 /* Release */,
			);
			defaultConfigurationIsVisible = 0;
		};
		7A6EEA5719E887430044D5A7 /* Build configuration list for PBXNativeTarget "BGDouBanMusicTests" */ = {
			isa = XCConfigurationList;
			buildConfigurations = (
				7A6EEA5819E887430044D5A7 /* Debug */,
				7A6EEA5919E887430044D5A7 /* Release */,
			);
			defaultConfigurationIsVisible = 0;
		};
/* End XCConfigurationList section */
	};
	rootObject = 7A6EEA2019E887430044D5A7 /* Project object */;
}
